
Microsoft Visual Studio Solution File, Format Version 12.00
# Visual Studio Version 17
VisualStudioVersion = 17.2.32630.192
MinimumVisualStudioVersion = 10.0.40219.1
Project("{FAE04EC0-301F-11D3-BF4B-00C04F79EFBC}") = "BugTracker", "BugTracker\BugTracker.csproj", "{B3EEBD76-55A5-4A22-B55D-4C561FBB3CD0}"
EndProject
Global
	GlobalSection(SolutionConfigurationPlatforms) = preSolution
		Debug|Any CPU = Debug|Any CPU
		Release|Any CPU = Release|Any CPU
	EndGlobalSection
	GlobalSection(ProjectConfigurationPlatforms) = postSolution
		{B3EEBD76-55A5-4A22-B55D-4C561FBB3CD0}.Debug|Any CPU.ActiveCfg = Debug|Any CPU
		{B3EEBD76-55A5-4A22-B55D-4C561FBB3CD0}.Debug|Any CPU.Build.0 = Debug|Any CPU
		{B3EEBD76-55A5-4A22-B55D-4C561FBB3CD0}.Release|Any CPU.ActiveCfg = Release|Any CPU
		{B3EEBD76-55A5-4A22-B55D-4C561FBB3CD0}.Release|Any CPU.Build.0 = Release|Any CPU
	EndGlobalSection
	GlobalSection(SolutionProperties) = preSolution
		HideSolutionNode = FALSE
	EndGlobalSection
	GlobalSection(ExtensibilityGlobals) = postSolution
		SolutionGuid = {18F5039D-8543-45F3-8006-A5F070D23DA1}
	EndGlobalSection
EndGlobal
